
Microsoft Visual Studio Solution File, Format Version 12.00
# Visual Studio Version 16
VisualStudioVersion = 16.0.28917.181
MinimumVisualStudioVersion = 10.0.40219.1
Project("{9A19103F-16F7-4668-BE54-9A1E7A4F7556}") = "coreTest", "coreTest\coreTest.csproj", "{D4E3BA42-3721-42C8-9228-A57AB8D12F23}"
EndProject
Project("{9A19103F-16F7-4668-BE54-9A1E7A4F7556}") = "api", "api\api.csproj", "{3A476FBB-DD9D-4A5D-85A2-0D7DD8B3E9F4}"
EndProject
Project("{9A19103F-16F7-4668-BE54-9A1E7A4F7556}") = "model", "model\model.csproj", "{BA74121E-59C5-4C3B-B639-FD3E5DF28AA2}"
EndProject
Project("{FAE04EC0-301F-11D3-BF4B-00C04F79EFBC}") = "web", "web\web.csproj", "{5F92F98F-0206-43E6-8E12-94F91118022E}"
EndProject
Global
	GlobalSection(SolutionConfigurationPlatforms) = preSolution
		Debug|Any CPU = Debug|Any CPU
		Release|Any CPU = Release|Any CPU
	EndGlobalSection
	GlobalSection(ProjectConfigurationPlatforms) = postSolution
		{D4E3BA42-3721-42C8-9228-A57AB8D12F23}.Debug|Any CPU.ActiveCfg = Debug|Any CPU
		{D4E3BA42-3721-42C8-9228-A57AB8D12F23}.Debug|Any CPU.Build.0 = Debug|Any CPU
		{D4E3BA42-3721-42C8-9228-A57AB8D12F23}.Release|Any CPU.ActiveCfg = Release|Any CPU
		{D4E3BA42-3721-42C8-9228-A57AB8D12F23}.Release|Any CPU.Build.0 = Release|Any CPU
		{3A476FBB-DD9D-4A5D-85A2-0D7DD8B3E9F4}.Debug|Any CPU.ActiveCfg = Debug|Any CPU
		{3A476FBB-DD9D-4A5D-85A2-0D7DD8B3E9F4}.Debug|Any CPU.Build.0 = Debug|Any CPU
		{3A476FBB-DD9D-4A5D-85A2-0D7DD8B3E9F4}.Release|Any CPU.ActiveCfg = Release|Any CPU
		{3A476FBB-DD9D-4A5D-85A2-0D7DD8B3E9F4}.Release|Any CPU.Build.0 = Release|Any CPU
		{BA74121E-59C5-4C3B-B639-FD3E5DF28AA2}.Debug|Any CPU.ActiveCfg = Debug|Any CPU
		{BA74121E-59C5-4C3B-B639-FD3E5DF28AA2}.Debug|Any CPU.Build.0 = Debug|Any CPU
		{BA74121E-59C5-4C3B-B639-FD3E5DF28AA2}.Release|Any CPU.ActiveCfg = Release|Any CPU
		{BA74121E-59C5-4C3B-B639-FD3E5DF28AA2}.Release|Any CPU.Build.0 = Release|Any CPU
		{5F92F98F-0206-43E6-8E12-94F91118022E}.Debug|Any CPU.ActiveCfg = Debug|Any CPU
		{5F92F98F-0206-43E6-8E12-94F91118022E}.Debug|Any CPU.Build.0 = Debug|Any CPU
		{5F92F98F-0206-43E6-8E12-94F91118022E}.Release|Any CPU.ActiveCfg = Release|Any CPU
		{5F92F98F-0206-43E6-8E12-94F91118022E}.Release|Any CPU.Build.0 = Release|Any CPU
	EndGlobalSection
	GlobalSection(SolutionProperties) = preSolution
		HideSolutionNode = FALSE
	EndGlobalSection
	GlobalSection(ExtensibilityGlobals) = postSolution
		SolutionGuid = {ADC8B919-1D4F-4553-8883-685540F7A75C}
	EndGlobalSection
EndGlobal
